
Microsoft Visual Studio Solution File, Format Version 12.00
# Visual Studio 2012
Project("{E24C65DC-7377-472B-9ABA-BC803B73C61A}") = "EIMS", "http://localhost:50689", "{C4882E9C-47DE-482E-A67F-EA34EFBE9DAB}"
	ProjectSection(WebsiteProperties) = preProject
		UseIISExpress = "true"
		TargetFrameworkMoniker = ".NETFramework,Version%3Dv4.5"
		Debug.AspNetCompiler.VirtualPath = "/localhost_50689"
		Debug.AspNetCompiler.PhysicalPath = "..\..\WebSites\EIMS\"
		Debug.AspNetCompiler.TargetPath = "PrecompiledWeb\localhost_50689\"
		Debug.AspNetCompiler.Updateable = "true"
		Debug.AspNetCompiler.ForceOverwrite = "true"
		Debug.AspNetCompiler.FixedNames = "false"
		Debug.AspNetCompiler.Debug = "True"
		Release.AspNetCompiler.VirtualPath = "/localhost_50689"
		Release.AspNetCompiler.PhysicalPath = "..\..\WebSites\EIMS\"
		Release.AspNetCompiler.TargetPath = "PrecompiledWeb\localhost_50689\"
		Release.AspNetCompiler.Updateable = "true"
		Release.AspNetCompiler.ForceOverwrite = "true"
		Release.AspNetCompiler.FixedNames = "false"
		Release.AspNetCompiler.Debug = "False"
		SlnRelativePath = "..\..\WebSites\EIMS\"
		DefaultWebSiteLanguage = "Visual C#"
	EndProjectSection
EndProject
Global
	GlobalSection(SolutionConfigurationPlatforms) = preSolution
		Debug|Any CPU = Debug|Any CPU
	EndGlobalSection
	GlobalSection(ProjectConfigurationPlatforms) = postSolution
		{C4882E9C-47DE-482E-A67F-EA34EFBE9DAB}.Debug|Any CPU.ActiveCfg = Debug|Any CPU
		{C4882E9C-47DE-482E-A67F-EA34EFBE9DAB}.Debug|Any CPU.Build.0 = Debug|Any CPU
	EndGlobalSection
	GlobalSection(SolutionProperties) = preSolution
		HideSolutionNode = FALSE
	EndGlobalSection
EndGlobal
